
Microsoft Visual Studio Solution File, Format Version 12.00
# Visual Studio 2013
VisualStudioVersion = 12.0.30723.0
MinimumVisualStudioVersion = 10.0.40219.1
Project("{2150E333-8FDC-42A3-9474-1A3956D46DE8}") = ".nuget", ".nuget", "{B3B90A1F-C059-4857-984E-313F60433D10}"
	ProjectSection(SolutionItems) = preProject
		.nuget\NuGet.Config = .nuget\NuGet.Config
		.nuget\NuGet.exe = .nuget\NuGet.exe
		.nuget\NuGet.targets = .nuget\NuGet.targets
	EndProjectSection
EndProject
Project("{FAE04EC0-301F-11D3-BF4B-00C04F79EFBC}") = "TrainNotifier.WebClient", "TrainNotifier.WebClient.csproj", "{FCB0778D-D13E-4FBD-873E-671365CB441B}"
EndProject
Project("{2150E333-8FDC-42A3-9474-1A3956D46DE8}") = "Solution Items", "Solution Items", "{5D5A3B15-8DC7-4FE4-A349-5B5AF4AAFB74}"
	ProjectSection(SolutionItems) = preProject
		..\.gitattributes = ..\.gitattributes
		..\.gitignore = ..\.gitignore
		..\.gitmodules = ..\.gitmodules
		..\README.md = ..\README.md
	EndProjectSection
EndProject
Project("{FAE04EC0-301F-11D3-BF4B-00C04F79EFBC}") = "TrainNotifier.Common.Model", "..\externals\trainnotifier\TrainNotifier.Common.Model\TrainNotifier.Common.Model.csproj", "{C1027696-DBD0-4E90-ABBF-848DAB6938B4}"
EndProject
Project("{FAE04EC0-301F-11D3-BF4B-00C04F79EFBC}") = "TrainNotifier.Common.Web", "..\TrainNotifier.Common.Web\TrainNotifier.Common.Web.csproj", "{5235980F-97BD-4BA6-AC1A-265C18364175}"
EndProject
Global
	GlobalSection(SolutionConfigurationPlatforms) = preSolution
		Azure|Any CPU = Azure|Any CPU
		Azure|ARM = Azure|ARM
		Azure|x64 = Azure|x64
		Azure|x86 = Azure|x86
		Debug|Any CPU = Debug|Any CPU
		Debug|ARM = Debug|ARM
		Debug|x64 = Debug|x64
		Debug|x86 = Debug|x86
		Debug-Local|Any CPU = Debug-Local|Any CPU
		Debug-Local|ARM = Debug-Local|ARM
		Debug-Local|x64 = Debug-Local|x64
		Debug-Local|x86 = Debug-Local|x86
		Debug-Staging|Any CPU = Debug-Staging|Any CPU
		Debug-Staging|ARM = Debug-Staging|ARM
		Debug-Staging|x64 = Debug-Staging|x64
		Debug-Staging|x86 = Debug-Staging|x86
		Release|Any CPU = Release|Any CPU
		Release|ARM = Release|ARM
		Release|x64 = Release|x64
		Release|x86 = Release|x86
	EndGlobalSection
	GlobalSection(ProjectConfigurationPlatforms) = postSolution
		{FCB0778D-D13E-4FBD-873E-671365CB441B}.Azure|Any CPU.ActiveCfg = Azure|Any CPU
		{FCB0778D-D13E-4FBD-873E-671365CB441B}.Azure|Any CPU.Build.0 = Azure|Any CPU
		{FCB0778D-D13E-4FBD-873E-671365CB441B}.Azure|ARM.ActiveCfg = Azure|Any CPU
		{FCB0778D-D13E-4FBD-873E-671365CB441B}.Azure|x64.ActiveCfg = Azure|Any CPU
		{FCB0778D-D13E-4FBD-873E-671365CB441B}.Azure|x86.ActiveCfg = Azure|Any CPU
		{FCB0778D-D13E-4FBD-873E-671365CB441B}.Debug|Any CPU.ActiveCfg = Debug|Any CPU
		{FCB0778D-D13E-4FBD-873E-671365CB441B}.Debug|Any CPU.Build.0 = Debug|Any CPU
		{FCB0778D-D13E-4FBD-873E-671365CB441B}.Debug|ARM.ActiveCfg = Debug|Any CPU
		{FCB0778D-D13E-4FBD-873E-671365CB441B}.Debug|x64.ActiveCfg = Debug|Any CPU
		{FCB0778D-D13E-4FBD-873E-671365CB441B}.Debug|x86.ActiveCfg = Debug|Any CPU
		{FCB0778D-D13E-4FBD-873E-671365CB441B}.Debug-Local|Any CPU.ActiveCfg = Debug-Local|Any CPU
		{FCB0778D-D13E-4FBD-873E-671365CB441B}.Debug-Local|Any CPU.Build.0 = Debug-Local|Any CPU
		{FCB0778D-D13E-4FBD-873E-671365CB441B}.Debug-Local|ARM.ActiveCfg = Debug-Local|Any CPU
		{FCB0778D-D13E-4FBD-873E-671365CB441B}.Debug-Local|x64.ActiveCfg = Debug-Local|Any CPU
		{FCB0778D-D13E-4FBD-873E-671365CB441B}.Debug-Local|x86.ActiveCfg = Debug-Local|Any CPU
		{FCB0778D-D13E-4FBD-873E-671365CB441B}.Debug-Staging|Any CPU.ActiveCfg = Debug-Staging|Any CPU
		{FCB0778D-D13E-4FBD-873E-671365CB441B}.Debug-Staging|Any CPU.Build.0 = Debug-Staging|Any CPU
		{FCB0778D-D13E-4FBD-873E-671365CB441B}.Debug-Staging|ARM.ActiveCfg = Debug-Staging|Any CPU
		{FCB0778D-D13E-4FBD-873E-671365CB441B}.Debug-Staging|x64.ActiveCfg = Debug-Staging|Any CPU
		{FCB0778D-D13E-4FBD-873E-671365CB441B}.Debug-Staging|x86.ActiveCfg = Debug-Staging|Any CPU
		{FCB0778D-D13E-4FBD-873E-671365CB441B}.Release|Any CPU.ActiveCfg = Release|Any CPU
		{FCB0778D-D13E-4FBD-873E-671365CB441B}.Release|Any CPU.Build.0 = Release|Any CPU
		{FCB0778D-D13E-4FBD-873E-671365CB441B}.Release|ARM.ActiveCfg = Release|Any CPU
		{FCB0778D-D13E-4FBD-873E-671365CB441B}.Release|x64.ActiveCfg = Release|Any CPU
		{FCB0778D-D13E-4FBD-873E-671365CB441B}.Release|x86.ActiveCfg = Release|Any CPU
		{C1027696-DBD0-4E90-ABBF-848DAB6938B4}.Azure|Any CPU.ActiveCfg = Release|Any CPU
		{C1027696-DBD0-4E90-ABBF-848DAB6938B4}.Azure|Any CPU.Build.0 = Release|Any CPU
		{C1027696-DBD0-4E90-ABBF-848DAB6938B4}.Azure|ARM.ActiveCfg = Release|Any CPU
		{C1027696-DBD0-4E90-ABBF-848DAB6938B4}.Azure|x64.ActiveCfg = Release|Any CPU
		{C1027696-DBD0-4E90-ABBF-848DAB6938B4}.Azure|x86.ActiveCfg = Release|Any CPU
		{C1027696-DBD0-4E90-ABBF-848DAB6938B4}.Debug|Any CPU.ActiveCfg = Debug|Any CPU
		{C1027696-DBD0-4E90-ABBF-848DAB6938B4}.Debug|Any CPU.Build.0 = Debug|Any CPU
		{C1027696-DBD0-4E90-ABBF-848DAB6938B4}.Debug|ARM.ActiveCfg = Debug|Any CPU
		{C1027696-DBD0-4E90-ABBF-848DAB6938B4}.Debug|x64.ActiveCfg = Debug|Any CPU
		{C1027696-DBD0-4E90-ABBF-848DAB6938B4}.Debug|x86.ActiveCfg = Debug|Any CPU
		{C1027696-DBD0-4E90-ABBF-848DAB6938B4}.Debug-Local|Any CPU.ActiveCfg = Debug|Any CPU
		{C1027696-DBD0-4E90-ABBF-848DAB6938B4}.Debug-Local|Any CPU.Build.0 = Debug|Any CPU
		{C1027696-DBD0-4E90-ABBF-848DAB6938B4}.Debug-Local|ARM.ActiveCfg = Debug|Any CPU
		{C1027696-DBD0-4E90-ABBF-848DAB6938B4}.Debug-Local|x64.ActiveCfg = Debug|Any CPU
		{C1027696-DBD0-4E90-ABBF-848DAB6938B4}.Debug-Local|x86.ActiveCfg = Debug|Any CPU
		{C1027696-DBD0-4E90-ABBF-848DAB6938B4}.Debug-Staging|Any CPU.ActiveCfg = Debug|Any CPU
		{C1027696-DBD0-4E90-ABBF-848DAB6938B4}.Debug-Staging|Any CPU.Build.0 = Debug|Any CPU
		{C1027696-DBD0-4E90-ABBF-848DAB6938B4}.Debug-Staging|ARM.ActiveCfg = Debug|Any CPU
		{C1027696-DBD0-4E90-ABBF-848DAB6938B4}.Debug-Staging|x64.ActiveCfg = Debug|Any CPU
		{C1027696-DBD0-4E90-ABBF-848DAB6938B4}.Debug-Staging|x86.ActiveCfg = Debug|Any CPU
		{C1027696-DBD0-4E90-ABBF-848DAB6938B4}.Release|Any CPU.ActiveCfg = Release|Any CPU
		{C1027696-DBD0-4E90-ABBF-848DAB6938B4}.Release|Any CPU.Build.0 = Release|Any CPU
		{C1027696-DBD0-4E90-ABBF-848DAB6938B4}.Release|ARM.ActiveCfg = Release|Any CPU
		{C1027696-DBD0-4E90-ABBF-848DAB6938B4}.Release|x64.ActiveCfg = Release|Any CPU
		{C1027696-DBD0-4E90-ABBF-848DAB6938B4}.Release|x86.ActiveCfg = Release|Any CPU
		{5235980F-97BD-4BA6-AC1A-265C18364175}.Azure|Any CPU.ActiveCfg = Release|Any CPU
		{5235980F-97BD-4BA6-AC1A-265C18364175}.Azure|Any CPU.Build.0 = Release|Any CPU
		{5235980F-97BD-4BA6-AC1A-265C18364175}.Azure|ARM.ActiveCfg = Release|Any CPU
		{5235980F-97BD-4BA6-AC1A-265C18364175}.Azure|x64.ActiveCfg = Release|Any CPU
		{5235980F-97BD-4BA6-AC1A-265C18364175}.Azure|x86.ActiveCfg = Release|Any CPU
		{5235980F-97BD-4BA6-AC1A-265C18364175}.Debug|Any CPU.ActiveCfg = Debug|Any CPU
		{5235980F-97BD-4BA6-AC1A-265C18364175}.Debug|Any CPU.Build.0 = Debug|Any CPU
		{5235980F-97BD-4BA6-AC1A-265C18364175}.Debug|ARM.ActiveCfg = Debug|Any CPU
		{5235980F-97BD-4BA6-AC1A-265C18364175}.Debug|x64.ActiveCfg = Debug|Any CPU
		{5235980F-97BD-4BA6-AC1A-265C18364175}.Debug|x86.ActiveCfg = Debug|Any CPU
		{5235980F-97BD-4BA6-AC1A-265C18364175}.Debug-Local|Any CPU.ActiveCfg = Debug|Any CPU
		{5235980F-97BD-4BA6-AC1A-265C18364175}.Debug-Local|Any CPU.Build.0 = Debug|Any CPU
		{5235980F-97BD-4BA6-AC1A-265C18364175}.Debug-Local|ARM.ActiveCfg = Debug|Any CPU
		{5235980F-97BD-4BA6-AC1A-265C18364175}.Debug-Local|x64.ActiveCfg = Debug|Any CPU
		{5235980F-97BD-4BA6-AC1A-265C18364175}.Debug-Local|x86.ActiveCfg = Debug|Any CPU
		{5235980F-97BD-4BA6-AC1A-265C18364175}.Debug-Staging|Any CPU.ActiveCfg = Debug|Any CPU
		{5235980F-97BD-4BA6-AC1A-265C18364175}.Debug-Staging|Any CPU.Build.0 = Debug|Any CPU
		{5235980F-97BD-4BA6-AC1A-265C18364175}.Debug-Staging|ARM.ActiveCfg = Debug|Any CPU
		{5235980F-97BD-4BA6-AC1A-265C18364175}.Debug-Staging|x64.ActiveCfg = Debug|Any CPU
		{5235980F-97BD-4BA6-AC1A-265C18364175}.Debug-Staging|x86.ActiveCfg = Debug|Any CPU
		{5235980F-97BD-4BA6-AC1A-265C18364175}.Release|Any CPU.ActiveCfg = Release|Any CPU
		{5235980F-97BD-4BA6-AC1A-265C18364175}.Release|Any CPU.Build.0 = Release|Any CPU
		{5235980F-97BD-4BA6-AC1A-265C18364175}.Release|ARM.ActiveCfg = Release|Any CPU
		{5235980F-97BD-4BA6-AC1A-265C18364175}.Release|x64.ActiveCfg = Release|Any CPU
		{5235980F-97BD-4BA6-AC1A-265C18364175}.Release|x86.ActiveCfg = Release|Any CPU
	EndGlobalSection
	GlobalSection(SolutionProperties) = preSolution
		HideSolutionNode = FALSE
	EndGlobalSection
EndGlobal
