
Microsoft Visual Studio Solution File, Format Version 12.00
# Visual Studio 2012
Project("{2150E333-8FDC-42A3-9474-1A3956D46DE8}") = ".nuget", ".nuget", "{B3B90A1F-C059-4857-984E-313F60433D10}"
	ProjectSection(SolutionItems) = preProject
		.nuget\NuGet.Config = .nuget\NuGet.Config
		.nuget\NuGet.exe = .nuget\NuGet.exe
		.nuget\NuGet.targets = .nuget\NuGet.targets
	EndProjectSection
EndProject
Project("{FAE04EC0-301F-11D3-BF4B-00C04F79EFBC}") = "TrainNotifier.WebClient", "TrainNotifier.WebClient.csproj", "{FCB0778D-D13E-4FBD-873E-671365CB441B}"
EndProject
Project("{2150E333-8FDC-42A3-9474-1A3956D46DE8}") = "Solution Items", "Solution Items", "{5D5A3B15-8DC7-4FE4-A349-5B5AF4AAFB74}"
	ProjectSection(SolutionItems) = preProject
		..\.gitattributes = ..\.gitattributes
		..\.gitignore = ..\.gitignore
		..\README.md = ..\README.md
	EndProjectSection
EndProject
Project("{E24C65DC-7377-472B-9ABA-BC803B73C61A}") = "ChromeExtension", "http://localhost:7196", "{5652EDA0-77AF-45F8-BAE3-FB6776DFF74F}"
	ProjectSection(WebsiteProperties) = preProject
		UseIISExpress = "true"
		TargetFrameworkMoniker = ".NETFramework,Version%3Dv4.5"
		Debug.AspNetCompiler.VirtualPath = "/localhost_7196"
		Debug.AspNetCompiler.PhysicalPath = "..\ChromeExtension\"
		Debug.AspNetCompiler.TargetPath = "PrecompiledWeb\localhost_7196\"
		Debug.AspNetCompiler.Updateable = "true"
		Debug.AspNetCompiler.ForceOverwrite = "true"
		Debug.AspNetCompiler.FixedNames = "false"
		Debug.AspNetCompiler.Debug = "True"
		Release.AspNetCompiler.VirtualPath = "/localhost_7196"
		Release.AspNetCompiler.PhysicalPath = "..\ChromeExtension\"
		Release.AspNetCompiler.TargetPath = "PrecompiledWeb\localhost_7196\"
		Release.AspNetCompiler.Updateable = "true"
		Release.AspNetCompiler.ForceOverwrite = "true"
		Release.AspNetCompiler.FixedNames = "false"
		Release.AspNetCompiler.Debug = "False"
		SlnRelativePath = "..\ChromeExtension\"
		DefaultWebSiteLanguage = "Visual C#"
	EndProjectSection
EndProject
Global
	GlobalSection(SolutionConfigurationPlatforms) = preSolution
		Azure|Any CPU = Azure|Any CPU
		Debug|Any CPU = Debug|Any CPU
		Debug-Local|Any CPU = Debug-Local|Any CPU
		Debug-Staging|Any CPU = Debug-Staging|Any CPU
		Release|Any CPU = Release|Any CPU
	EndGlobalSection
	GlobalSection(ProjectConfigurationPlatforms) = postSolution
		{FCB0778D-D13E-4FBD-873E-671365CB441B}.Azure|Any CPU.ActiveCfg = Azure|Any CPU
		{FCB0778D-D13E-4FBD-873E-671365CB441B}.Azure|Any CPU.Build.0 = Azure|Any CPU
		{FCB0778D-D13E-4FBD-873E-671365CB441B}.Debug|Any CPU.ActiveCfg = Debug|Any CPU
		{FCB0778D-D13E-4FBD-873E-671365CB441B}.Debug|Any CPU.Build.0 = Debug|Any CPU
		{FCB0778D-D13E-4FBD-873E-671365CB441B}.Debug-Local|Any CPU.ActiveCfg = Debug-Local|Any CPU
		{FCB0778D-D13E-4FBD-873E-671365CB441B}.Debug-Local|Any CPU.Build.0 = Debug-Local|Any CPU
		{FCB0778D-D13E-4FBD-873E-671365CB441B}.Debug-Staging|Any CPU.ActiveCfg = Debug-Staging|Any CPU
		{FCB0778D-D13E-4FBD-873E-671365CB441B}.Debug-Staging|Any CPU.Build.0 = Debug-Staging|Any CPU
		{FCB0778D-D13E-4FBD-873E-671365CB441B}.Release|Any CPU.ActiveCfg = Release|Any CPU
		{FCB0778D-D13E-4FBD-873E-671365CB441B}.Release|Any CPU.Build.0 = Release|Any CPU
		{5652EDA0-77AF-45F8-BAE3-FB6776DFF74F}.Azure|Any CPU.ActiveCfg = Debug|Any CPU
		{5652EDA0-77AF-45F8-BAE3-FB6776DFF74F}.Azure|Any CPU.Build.0 = Debug|Any CPU
		{5652EDA0-77AF-45F8-BAE3-FB6776DFF74F}.Debug|Any CPU.ActiveCfg = Debug|Any CPU
		{5652EDA0-77AF-45F8-BAE3-FB6776DFF74F}.Debug|Any CPU.Build.0 = Debug|Any CPU
		{5652EDA0-77AF-45F8-BAE3-FB6776DFF74F}.Debug-Local|Any CPU.ActiveCfg = Debug|Any CPU
		{5652EDA0-77AF-45F8-BAE3-FB6776DFF74F}.Debug-Local|Any CPU.Build.0 = Debug|Any CPU
		{5652EDA0-77AF-45F8-BAE3-FB6776DFF74F}.Debug-Staging|Any CPU.ActiveCfg = Debug|Any CPU
		{5652EDA0-77AF-45F8-BAE3-FB6776DFF74F}.Debug-Staging|Any CPU.Build.0 = Debug|Any CPU
		{5652EDA0-77AF-45F8-BAE3-FB6776DFF74F}.Release|Any CPU.ActiveCfg = Debug|Any CPU
		{5652EDA0-77AF-45F8-BAE3-FB6776DFF74F}.Release|Any CPU.Build.0 = Debug|Any CPU
	EndGlobalSection
	GlobalSection(SolutionProperties) = preSolution
		HideSolutionNode = FALSE
	EndGlobalSection
EndGlobal
